
Microsoft Visual Studio Solution File, Format Version 12.00
# Visual Studio Version 17
VisualStudioVersion = 17.8.34525.116
MinimumVisualStudioVersion = 10.0.40219.1
Project("{FAE04EC0-301F-11D3-BF4B-00C04F79EFBC}") = "Dynamics365WorkflowActivities", "Dynamics365WorkflowActivities.csproj", "{AA7C6C79-9DCF-479A-89DC-9C27A358042D}"
EndProject
Global
	GlobalSection(SolutionConfigurationPlatforms) = preSolution
		Debug|Any CPU = Debug|Any CPU
		Release|Any CPU = Release|Any CPU
	EndGlobalSection
	GlobalSection(ProjectConfigurationPlatforms) = postSolution
		{AA7C6C79-9DCF-479A-89DC-9C27A358042D}.Debug|Any CPU.ActiveCfg = Debug|Any CPU
		{AA7C6C79-9DCF-479A-89DC-9C27A358042D}.Debug|Any CPU.Build.0 = Debug|Any CPU
		{AA7C6C79-9DCF-479A-89DC-9C27A358042D}.Release|Any CPU.ActiveCfg = Release|Any CPU
		{AA7C6C79-9DCF-479A-89DC-9C27A358042D}.Release|Any CPU.Build.0 = Release|Any CPU
	EndGlobalSection
	GlobalSection(SolutionProperties) = preSolution
		HideSolutionNode = FALSE
	EndGlobalSection
	GlobalSection(ExtensibilityGlobals) = postSolution
		SolutionGuid = {1DA2A6F1-D410-4489-AFF9-4456B7217D70}
	EndGlobalSection
	GlobalSection(CRMSolutionProperties) = preSolution
		SolutionIsBoundToCRM = True
	EndGlobalSection
EndGlobal
